
Microsoft Visual Studio Solution File, Format Version 12.00
# Visual Studio Version 16
VisualStudioVersion = 16.0.31205.134
MinimumVisualStudioVersion = 10.0.40219.1
Project("{FAE04EC0-301F-11D3-BF4B-00C04F79EFBC}") = "InputTool", "InputTool\InputTool.csproj", "{0C69DD21-4B46-46F3-86F4-DAE1C435D59B}"
EndProject
Global
	GlobalSection(SolutionConfigurationPlatforms) = preSolution
		Debug|Any CPU = Debug|Any CPU
		Release|Any CPU = Release|Any CPU
	EndGlobalSection
	GlobalSection(ProjectConfigurationPlatforms) = postSolution
		{0C69DD21-4B46-46F3-86F4-DAE1C435D59B}.Debug|Any CPU.ActiveCfg = Debug|Any CPU
		{0C69DD21-4B46-46F3-86F4-DAE1C435D59B}.Debug|Any CPU.Build.0 = Debug|Any CPU
		{0C69DD21-4B46-46F3-86F4-DAE1C435D59B}.Release|Any CPU.ActiveCfg = Release|Any CPU
		{0C69DD21-4B46-46F3-86F4-DAE1C435D59B}.Release|Any CPU.Build.0 = Release|Any CPU
	EndGlobalSection
	GlobalSection(SolutionProperties) = preSolution
		HideSolutionNode = FALSE
	EndGlobalSection
	GlobalSection(ExtensibilityGlobals) = postSolution
		SolutionGuid = {4B195BDB-8259-44C9-81E8-097469AFDEB3}
	EndGlobalSection
EndGlobal
